
Microsoft Visual Studio Solution File, Format Version 12.00
# Visual Studio Version 16
VisualStudioVersion = 16.0.30907.101
MinimumVisualStudioVersion = 10.0.40219.1
Project("{FAE04EC0-301F-11D3-BF4B-00C04F79EFBC}") = "WebApplication3", "WebApplication3.csproj", "{017EC5CE-7D45-428A-9EB9-E694FFB10265}"
EndProject
Global
	GlobalSection(SolutionConfigurationPlatforms) = preSolution
		Debug|Any CPU = Debug|Any CPU
		Release|Any CPU = Release|Any CPU
	EndGlobalSection
	GlobalSection(ProjectConfigurationPlatforms) = postSolution
		{017EC5CE-7D45-428A-9EB9-E694FFB10265}.Debug|Any CPU.ActiveCfg = Debug|Any CPU
		{017EC5CE-7D45-428A-9EB9-E694FFB10265}.Debug|Any CPU.Build.0 = Debug|Any CPU
		{017EC5CE-7D45-428A-9EB9-E694FFB10265}.Release|Any CPU.ActiveCfg = Release|Any CPU
		{017EC5CE-7D45-428A-9EB9-E694FFB10265}.Release|Any CPU.Build.0 = Release|Any CPU
	EndGlobalSection
	GlobalSection(SolutionProperties) = preSolution
		HideSolutionNode = FALSE
	EndGlobalSection
	GlobalSection(ExtensibilityGlobals) = postSolution
		SolutionGuid = {0848B70C-F55F-4ECD-8E8A-2BAAA204621F}
	EndGlobalSection
EndGlobal
